# generated by rye
# use `rye lock` or `rye sync` to update this lockfile
#
# last locked with the following flags:
#   pre: false
#   features: []
#   all-features: false

-e file:.
asgiref==3.7.2
django==4.2.5
django-filter==23.3
djangorestframework==3.14.0
markdown==3.4.4
pytz==2023.3.post1
sqlparse==0.4.4
